# Linux amd64 / CPython 3.11 runtime comparison baseline.
# Existing requirements.txt pins plus exact bridge/PDF dependencies from the original image.
# typing-extensions stays at 4.16.0 as required by anyio 4.15.1.
# Install using pip --require-hashes; update and validate deliberately.
annotated-doc==0.0.5 --hash=sha256:117bac03a25ede5df5440e855b32d556049ca169ead221505badf432fed4b101
annotated-types==0.7.0 --hash=sha256:1f02e8b43a8fbbc3f3e0d4f0f4bfc8131bcb4eebe8849b8e5c773f3a1c582a53
anyio==4.15.1 --hash=sha256:6152fdbbf9a77fdec97731721bebf7c4c44f7c29b424b0065826173efc7ed101
beautifulsoup4==4.14.2 --hash=sha256:5ef6fa3a8cbece8488d66985560f97ed091e22bbc4e9c2338508a9d5de6d4515
certifi==2025.10.5 --hash=sha256:0f212c2744a9bb6de0c56639a6f68afe01ecd92d91f14ae897c4fe7bbeeef0de
charset-normalizer==3.4.4 --hash=sha256:840c25fb618a231545cbab0564a799f101b63b9901f2569faecd6b222ac72381
click==8.5.0 --hash=sha256:255bc9599cf7748b4b1a446ccc735421bd08a2ae529a8b88597d3de5664ee360
fastapi==0.141.1 --hash=sha256:bfb91aa2d334c61cb35ba9a116fc123b3d3df31640b801cf57a7a78ec3f603b3
greenlet==3.2.4 --hash=sha256:2523e5246274f54fdadbce8494458a2ebdcdbc7b802318466ac5606d3cded1f8
h11==0.16.0 --hash=sha256:63cf8bbe7522de3bf65932fda1d9c2772064ffb3dae62d55932da54b31cb6c86
httptools==0.8.0 --hash=sha256:57278e6fa0424c42a8a3e454828ab4f0aff27b40cddf9679579b98c6dce6a376
idna==3.11 --hash=sha256:771a87f49d9defaf64091e6e6fe9c18d4833f140bd19464795bc32d966ca37ea
jpype1==1.6.0 --hash=sha256:f5a02cbba4022a0aa47ee617bc12349457988c653491484a988dc8f4e6269dfc
packaging==25.0 --hash=sha256:29572ef2b1f17581046b3a2227d5c611fb25ec70ca1ba8554b24b0e69331a484
pillow==12.3.0 --hash=sha256:23d27a3e0307ec2244cc51e7287b919aa68d097504ebe19df4e76a98a3eea5bd
pluggy==1.6.0 --hash=sha256:e920276dd6813095e9377c0bc5566d94c932c33b27a3e3945d8389c374dd4746
pydantic==2.12.4 --hash=sha256:92d3d202a745d46f9be6df459ac5a064fdaa3c1c4cd8adcfa332ccf3c05f871e
pydantic-core==2.41.5 --hash=sha256:f31d95a179f8d64d90f6831d71fa93290893a33148d890ba15de25642c5d075b
pypdf==6.19.0 --hash=sha256:7e5d6e730e7dae87d560a2cee218b852f6498c8be61966f3cd02ead971e48d14
python-dotenv==1.2.3 --hash=sha256:904552145e8bfed22162c09dab1c2b9b54fefa7b23ba780f4f26ca0316b0f0d9
pyyaml==6.0.3 --hash=sha256:b8bb0864c5a28024fac8a632c443c87c5aa6f215c0b126c449ae1a150412f31d
reportlab==5.0.1 --hash=sha256:1c36e6bb0e71780c72331eba60da7f602e8d4389a8723825af71342e49d791e8
requests==2.32.5 --hash=sha256:2462f94637a34fd532264295e186976db0f5d453d1cdd31473c85a6a161affb6
soupsieve==2.8 --hash=sha256:0cc76456a30e20f5d7f2e14a98a4ae2ee4e5abdc7c5ea0aafe795f344bc7984c
sqlalchemy==2.0.44 --hash=sha256:3cf6872a23601672d61a68f390e44703442639a12ee9dd5a88bbce52a695e46e
starlette==1.7.0 --hash=sha256:67f8e99895493dd2911a03f11314af6ceebeae4e704bb9f43dfc6a9db151c93e
tqdm==4.67.1 --hash=sha256:26445eca388f82e72884e0d580d5464cd801a3ea01e63e5601bdff9ba6a48de2
typing-extensions==4.16.0 --hash=sha256:481caa481374e813c1b176ada14e97f1f67a4539ce9cfeb3f350d78d6370c2e8
typing-inspection==0.4.2 --hash=sha256:4ed1cacbdc298c220f1bd249ed5287caa16f34d44ef4e9c3d0cbad5b521545e7
urllib3==2.5.0 --hash=sha256:e6b01673c0fa6a13e374b50871808eb3bf7046c4b125b216f6bf1cc604cff0dc
uvicorn==0.54.0 --hash=sha256:505bdb0f318731d45f1f712071fc781a8981f6847a31c902c9f5e652d4f67faf
uvloop==0.22.1 --hash=sha256:56a2d1fae65fd82197cb8c53c367310b3eabe1bbb9fb5a04d28e3e3520e4f702
watchfiles==1.3.0 --hash=sha256:b5768b49e426fd5b550b012c866db347cdf15c398ef98dc557b6e6b72fa74cd1
websockets==17.1 --hash=sha256:0c84bdef916556cbe1d5a43b423398be4dd3cba6522b463e53d848578b920695
