# Pinned build tools for the Linux amd64 / CPython 3.11 Docker image.
pip==26.2.1 --hash=sha256:71138adf1f4ca900cdb7d289c21b7494329f2332b6d85f0e1c42108c0384ed3e
setuptools==79.0.1 --hash=sha256:e147c0549f27767ba362f9da434eab9c5dc0045d5304feb602a0af001089fc51
wheel==0.46.3 --hash=sha256:4b399d56c9d9338230118d705d9737a2a468ccca63d5e813e2a4fc7815d8bc4d
